{
  "nodes": {
    "fenix": {
      "inputs": {
        "nixpkgs": [
          "nixpkgs"
        ],
        "rust-analyzer-src": "rust-analyzer-src"
      },
      "locked": {
        "narHash": "sha256-0dZpggYjjmWEk+rGixiBHOHuQfLzEzNfrtjSig04s6Q=",
        "rev": "9ccae1754eec0341b640d5705302ac0923d22875",
        "revCount": 1618,
        "type": "tarball",
        "url": "https://api.flakehub.com/f/pinned/nix-community/fenix/0.1.1618%2Brev-9ccae1754eec0341b640d5705302ac0923d22875/018aea4c-03c9-7734-95d5-b84cc8881e3d/source.tar.gz"
      },
      "original": {
        "type": "tarball",
        "url": "https://flakehub.com/f/nix-community/fenix/0.1.1584.tar.gz"
      }
    },
    "flake-compat": {
      "locked": {
        "narHash": "sha256-kvjfFW7WAETZlt09AgDn1MrtKzP7t90Vf7vypd3OL1U=",
        "rev": "0f9255e01c2351cc7d116c072cb317785dd33b33",
        "revCount": 57,
        "type": "tarball",
        "url": "https://api.flakehub.com/f/pinned/edolstra/flake-compat/1.0.1/018afb31-abd1-7bff-a5e4-cff7e18efb7a/source.tar.gz"
      },
      "original": {
        "type": "tarball",
        "url": "https://flakehub.com/f/edolstra/flake-compat/1.0.0.tar.gz"
      }
    },
    "flake-compat_2": {
      "flake": false,
      "locked": {
        "lastModified": 1673956053,
        "narHash": "sha256-4gtG9iQuiKITOjNQQeQIpoIB6b16fm+504Ch3sNKLd8=",
        "owner": "edolstra",
        "repo": "flake-compat",
        "rev": "35bb57c0c8d8b62bbfd284272c928ceb64ddbde9",
        "type": "github"
      },
      "original": {
        "owner": "edolstra",
        "repo": "flake-compat",
        "type": "github"
      }
    },
    "lowdown-src": {
      "flake": false,
      "locked": {
        "lastModified": 1633514407,
        "narHash": "sha256-Dw32tiMjdK9t3ETl5fzGrutQTzh2rufgZV4A/BbxuD4=",
        "owner": "kristapsdz",
        "repo": "lowdown",
        "rev": "d2c2b44ff6c27b936ec27358a2653caaef8f73b8",
        "type": "github"
      },
      "original": {
        "owner": "kristapsdz",
        "repo": "lowdown",
        "type": "github"
      }
    },
    "naersk": {
      "inputs": {
        "nixpkgs": [
          "nixpkgs"
        ]
      },
      "locked": {
        "lastModified": 1694081375,
        "narHash": "sha256-vzJXOUnmkMCm3xw8yfPP5m8kypQ3BhAIRe4RRCWpzy8=",
        "owner": "nix-community",
        "repo": "naersk",
        "rev": "3f976d822b7b37fc6fb8e6f157c2dd05e7e94e89",
        "type": "github"
      },
      "original": {
        "owner": "nix-community",
        "repo": "naersk",
        "type": "github"
      }
    },
    "nix": {
      "inputs": {
        "flake-compat": "flake-compat_2",
        "lowdown-src": "lowdown-src",
        "nixpkgs": "nixpkgs",
        "nixpkgs-regression": "nixpkgs-regression"
      },
      "locked": {
        "narHash": "sha256-WNmifcTsN9aG1ONkv+l2BC4sHZZxtNKy0keqBHXXQ7w=",
        "rev": "f5f4de6a550327b4b1a06123c2e450f1b92c73b6",
        "revCount": 14900,
        "type": "tarball",
        "url": "https://api.flakehub.com/f/pinned/NixOS/nix/2.18.1/018af406-b173-7112-9c1c-82f5b645e9d3/source.tar.gz"
      },
      "original": {
        "type": "tarball",
        "url": "https://flakehub.com/f/NixOS/nix/2.18.0.tar.gz"
      }
    },
    "nix_tar_aarch64-darwin": {
      "flake": false,
      "locked": {
        "narHash": "sha256-ry+/834XrHJV7VEtFZV1nZGtalfnHlhGQZK7o5f6fUo=",
        "type": "file",
        "url": "https://releases.nixos.org/nix/nix-2.18.1/nix-2.18.1-aarch64-darwin.tar.xz"
      },
      "original": {
        "type": "file",
        "url": "https://releases.nixos.org/nix/nix-2.18.1/nix-2.18.1-aarch64-darwin.tar.xz"
      }
    },
    "nix_tar_aarch64-linux": {
      "flake": false,
      "locked": {
        "narHash": "sha256-vDOZhjRXCrbncgJ8qxaJhTQ0jWhHI/iGo9eLd8L08Oc=",
        "type": "file",
        "url": "https://releases.nixos.org/nix/nix-2.18.1/nix-2.18.1-aarch64-linux.tar.xz"
      },
      "original": {
        "type": "file",
        "url": "https://releases.nixos.org/nix/nix-2.18.1/nix-2.18.1-aarch64-linux.tar.xz"
      }
    },
    "nix_tar_i686-linux": {
      "flake": false,
      "locked": {
        "narHash": "sha256-j7dZNFdF9dXl/L7gZFFukQlE4uNqLDhPivabaw33u4o=",
        "type": "file",
        "url": "https://releases.nixos.org/nix/nix-2.18.1/nix-2.18.1-i686-linux.tar.xz"
      },
      "original": {
        "type": "file",
        "url": "https://releases.nixos.org/nix/nix-2.18.1/nix-2.18.1-i686-linux.tar.xz"
      }
    },
    "nix_tar_x86_64-darwin": {
      "flake": false,
      "locked": {
        "narHash": "sha256-bTgXHZSa6dqeH92kfTXfH15Aas2PbT5trwweCD9qqug=",
        "type": "file",
        "url": "https://releases.nixos.org/nix/nix-2.18.1/nix-2.18.1-x86_64-darwin.tar.xz"
      },
      "original": {
        "type": "file",
        "url": "https://releases.nixos.org/nix/nix-2.18.1/nix-2.18.1-x86_64-darwin.tar.xz"
      }
    },
    "nix_tar_x86_64-linux": {
      "flake": false,
      "locked": {
        "narHash": "sha256-vAfcV2ISMJBZ9dstj3hejHM7XYrIXByIjw6bHxre774=",
        "type": "file",
        "url": "https://releases.nixos.org/nix/nix-2.18.1/nix-2.18.1-x86_64-linux.tar.xz"
      },
      "original": {
        "type": "file",
        "url": "https://releases.nixos.org/nix/nix-2.18.1/nix-2.18.1-x86_64-linux.tar.xz"
      }
    },
    "nixpkgs": {
      "locked": {
        "lastModified": 1695283060,
        "narHash": "sha256-CJz71xhCLlRkdFUSQEL0pIAAfcnWFXMzd9vXhPrnrEg=",
        "owner": "NixOS",
        "repo": "nixpkgs",
        "rev": "31ed632c692e6a36cfc18083b88ece892f863ed4",
        "type": "github"
      },
      "original": {
        "owner": "NixOS",
        "ref": "nixos-23.05-small",
        "repo": "nixpkgs",
        "type": "github"
      }
    },
    "nixpkgs-regression": {
      "locked": {
        "lastModified": 1643052045,
        "narHash": "sha256-uGJ0VXIhWKGXxkeNnq4TvV3CIOkUJ3PAoLZ3HMzNVMw=",
        "owner": "NixOS",
        "repo": "nixpkgs",
        "rev": "215d4d0fd80ca5163643b03a33fde804a29cc1e2",
        "type": "github"
      },
      "original": {
        "owner": "NixOS",
        "repo": "nixpkgs",
        "rev": "215d4d0fd80ca5163643b03a33fde804a29cc1e2",
        "type": "github"
      }
    },
    "nixpkgs_2": {
      "locked": {
        "narHash": "sha256-9NJcFF9CEYPvHJ5ckE8kvINvI84SZZ87PvqMbH6pro0=",
        "rev": "5e4c2ada4fcd54b99d56d7bd62f384511a7e2593",
        "revCount": 534806,
        "type": "tarball",
        "url": "https://api.flakehub.com/f/pinned/NixOS/nixpkgs/0.1.534806%2Brev-5e4c2ada4fcd54b99d56d7bd62f384511a7e2593/018b29e9-ae6d-72f2-993b-19cb9a64a3b5/source.tar.gz"
      },
      "original": {
        "type": "tarball",
        "url": "https://flakehub.com/f/NixOS/nixpkgs/0.1.0.tar.gz"
      }
    },
    "root": {
      "inputs": {
        "fenix": "fenix",
        "flake-compat": "flake-compat",
        "naersk": "naersk",
        "nix": "nix",
        "nix_tar_aarch64-darwin": "nix_tar_aarch64-darwin",
        "nix_tar_aarch64-linux": "nix_tar_aarch64-linux",
        "nix_tar_i686-linux": "nix_tar_i686-linux",
        "nix_tar_x86_64-darwin": "nix_tar_x86_64-darwin",
        "nix_tar_x86_64-linux": "nix_tar_x86_64-linux",
        "nixpkgs": "nixpkgs_2"
      }
    },
    "rust-analyzer-src": {
      "flake": false,
      "locked": {
        "lastModified": 1696050837,
        "narHash": "sha256-2K3Aq4gjPZBDnkAMJaMA4ElE+BNbmrqtSBWtt9kPGaM=",
        "owner": "rust-lang",
        "repo": "rust-analyzer",
        "rev": "0840038f02daec6ba3238f05d8caa037d28701a0",
        "type": "github"
      },
      "original": {
        "owner": "rust-lang",
        "ref": "nightly",
        "repo": "rust-analyzer",
        "type": "github"
      }
    }
  },
  "root": "root",
  "version": 7
}
